
Microsoft Visual Studio Solution File, Format Version 10.00
# Visual Studio 2008
Project("{8BC9CEB8-8B4A-11D0-8D11-00A0C91BC942}") = "build", "build\build.vcproj", "{90AA8848-37D7-4B67-BB3E-69F4FC6269CC}"
EndProject
Project("{8BC9CEB8-8B4A-11D0-8D11-00A0C91BC942}") = "console", "console\console.vcproj", "{B6E431AC-0CFD-47BE-9967-C33147347F18}"
	ProjectSection(ProjectDependencies) = postProject
		{90AA8848-37D7-4B67-BB3E-69F4FC6269CC} = {90AA8848-37D7-4B67-BB3E-69F4FC6269CC}
		{8B33A4AC-4B7B-4D55-ACB6-C4B79BF8EB4D} = {8B33A4AC-4B7B-4D55-ACB6-C4B79BF8EB4D}
		{947A2AD4-91DA-4139-9D56-DAF1899554E3} = {947A2AD4-91DA-4139-9D56-DAF1899554E3}
		{F14BF3BA-0AE6-4482-8DCF-A9F296612833} = {F14BF3BA-0AE6-4482-8DCF-A9F296612833}
	EndProjectSection
EndProject
Project("{8BC9CEB8-8B4A-11D0-8D11-00A0C91BC942}") = "embed", "embed\embed.vcproj", "{03E3676D-2624-4F61-8E6F-6561B7AEBC51}"
	ProjectSection(ProjectDependencies) = postProject
		{90AA8848-37D7-4B67-BB3E-69F4FC6269CC} = {90AA8848-37D7-4B67-BB3E-69F4FC6269CC}
		{8B33A4AC-4B7B-4D55-ACB6-C4B79BF8EB4D} = {8B33A4AC-4B7B-4D55-ACB6-C4B79BF8EB4D}
		{947A2AD4-91DA-4139-9D56-DAF1899554E3} = {947A2AD4-91DA-4139-9D56-DAF1899554E3}
		{F14BF3BA-0AE6-4482-8DCF-A9F296612833} = {F14BF3BA-0AE6-4482-8DCF-A9F296612833}
	EndProjectSection
EndProject
Project("{8BC9CEB8-8B4A-11D0-8D11-00A0C91BC942}") = "export", "export\export.vcproj", "{8B33A4AC-4B7B-4D55-ACB6-C4B79BF8EB4D}"
EndProject
Project("{8BC9CEB8-8B4A-11D0-8D11-00A0C91BC942}") = "genmai", "genmai.vcproj", "{A8044E08-EDB2-438A-90E7-095EB53A88D4}"
	ProjectSection(ProjectDependencies) = postProject
		{F14BF3BA-0AE6-4482-8DCF-A9F296612833} = {F14BF3BA-0AE6-4482-8DCF-A9F296612833}
		{947A2AD4-91DA-4139-9D56-DAF1899554E3} = {947A2AD4-91DA-4139-9D56-DAF1899554E3}
		{90AA8848-37D7-4B67-BB3E-69F4FC6269CC} = {90AA8848-37D7-4B67-BB3E-69F4FC6269CC}
		{8B33A4AC-4B7B-4D55-ACB6-C4B79BF8EB4D} = {8B33A4AC-4B7B-4D55-ACB6-C4B79BF8EB4D}
	EndProjectSection
EndProject
Project("{8BC9CEB8-8B4A-11D0-8D11-00A0C91BC942}") = "params", "params\params.vcproj", "{947A2AD4-91DA-4139-9D56-DAF1899554E3}"
EndProject
Project("{8BC9CEB8-8B4A-11D0-8D11-00A0C91BC942}") = "pyGenMai", "pyGenMai\pyGenMai.vcproj", "{EF323E9C-7A29-4DC7-9C73-2D57B01D7635}"
	ProjectSection(ProjectDependencies) = postProject
		{8B33A4AC-4B7B-4D55-ACB6-C4B79BF8EB4D} = {8B33A4AC-4B7B-4D55-ACB6-C4B79BF8EB4D}
		{F14BF3BA-0AE6-4482-8DCF-A9F296612833} = {F14BF3BA-0AE6-4482-8DCF-A9F296612833}
		{90AA8848-37D7-4B67-BB3E-69F4FC6269CC} = {90AA8848-37D7-4B67-BB3E-69F4FC6269CC}
		{947A2AD4-91DA-4139-9D56-DAF1899554E3} = {947A2AD4-91DA-4139-9D56-DAF1899554E3}
	EndProjectSection
EndProject
Project("{8BC9CEB8-8B4A-11D0-8D11-00A0C91BC942}") = "utils", "utils\utils.vcproj", "{F14BF3BA-0AE6-4482-8DCF-A9F296612833}"
EndProject
Project("{2150E333-8FDC-42A3-9474-1A3956D46DE8}") = "libs", "libs", "{48CB5D94-ABA8-4109-8629-E91DBC4AD1BF}"
EndProject
Project("{2150E333-8FDC-42A3-9474-1A3956D46DE8}") = "python", "python", "{ED4E8002-6E26-475D-97C8-E0C0B1D3FFAA}"
EndProject
Global
	GlobalSection(SolutionConfigurationPlatforms) = preSolution
		Debug|Win32 = Debug|Win32
		Release|Win32 = Release|Win32
	EndGlobalSection
	GlobalSection(ProjectConfigurationPlatforms) = postSolution
		{90AA8848-37D7-4B67-BB3E-69F4FC6269CC}.Debug|Win32.ActiveCfg = Debug|Win32
		{90AA8848-37D7-4B67-BB3E-69F4FC6269CC}.Debug|Win32.Build.0 = Debug|Win32
		{90AA8848-37D7-4B67-BB3E-69F4FC6269CC}.Release|Win32.ActiveCfg = Release|Win32
		{90AA8848-37D7-4B67-BB3E-69F4FC6269CC}.Release|Win32.Build.0 = Release|Win32
		{B6E431AC-0CFD-47BE-9967-C33147347F18}.Debug|Win32.ActiveCfg = Debug|Win32
		{B6E431AC-0CFD-47BE-9967-C33147347F18}.Debug|Win32.Build.0 = Debug|Win32
		{B6E431AC-0CFD-47BE-9967-C33147347F18}.Release|Win32.ActiveCfg = Release|Win32
		{B6E431AC-0CFD-47BE-9967-C33147347F18}.Release|Win32.Build.0 = Release|Win32
		{03E3676D-2624-4F61-8E6F-6561B7AEBC51}.Debug|Win32.ActiveCfg = Debug|Win32
		{03E3676D-2624-4F61-8E6F-6561B7AEBC51}.Debug|Win32.Build.0 = Debug|Win32
		{03E3676D-2624-4F61-8E6F-6561B7AEBC51}.Release|Win32.ActiveCfg = Release|Win32
		{03E3676D-2624-4F61-8E6F-6561B7AEBC51}.Release|Win32.Build.0 = Release|Win32
		{8B33A4AC-4B7B-4D55-ACB6-C4B79BF8EB4D}.Debug|Win32.ActiveCfg = Debug|Win32
		{8B33A4AC-4B7B-4D55-ACB6-C4B79BF8EB4D}.Debug|Win32.Build.0 = Debug|Win32
		{8B33A4AC-4B7B-4D55-ACB6-C4B79BF8EB4D}.Release|Win32.ActiveCfg = Release|Win32
		{8B33A4AC-4B7B-4D55-ACB6-C4B79BF8EB4D}.Release|Win32.Build.0 = Release|Win32
		{A8044E08-EDB2-438A-90E7-095EB53A88D4}.Debug|Win32.ActiveCfg = Debug|Win32
		{A8044E08-EDB2-438A-90E7-095EB53A88D4}.Debug|Win32.Build.0 = Debug|Win32
		{A8044E08-EDB2-438A-90E7-095EB53A88D4}.Release|Win32.ActiveCfg = Release|Win32
		{A8044E08-EDB2-438A-90E7-095EB53A88D4}.Release|Win32.Build.0 = Release|Win32
		{947A2AD4-91DA-4139-9D56-DAF1899554E3}.Debug|Win32.ActiveCfg = Debug|Win32
		{947A2AD4-91DA-4139-9D56-DAF1899554E3}.Debug|Win32.Build.0 = Debug|Win32
		{947A2AD4-91DA-4139-9D56-DAF1899554E3}.Release|Win32.ActiveCfg = Release|Win32
		{947A2AD4-91DA-4139-9D56-DAF1899554E3}.Release|Win32.Build.0 = Release|Win32
		{EF323E9C-7A29-4DC7-9C73-2D57B01D7635}.Debug|Win32.ActiveCfg = Debug|Win32
		{EF323E9C-7A29-4DC7-9C73-2D57B01D7635}.Debug|Win32.Build.0 = Debug|Win32
		{EF323E9C-7A29-4DC7-9C73-2D57B01D7635}.Release|Win32.ActiveCfg = Release|Win32
		{EF323E9C-7A29-4DC7-9C73-2D57B01D7635}.Release|Win32.Build.0 = Release|Win32
		{F14BF3BA-0AE6-4482-8DCF-A9F296612833}.Debug|Win32.ActiveCfg = Debug|Win32
		{F14BF3BA-0AE6-4482-8DCF-A9F296612833}.Debug|Win32.Build.0 = Debug|Win32
		{F14BF3BA-0AE6-4482-8DCF-A9F296612833}.Release|Win32.ActiveCfg = Release|Win32
		{F14BF3BA-0AE6-4482-8DCF-A9F296612833}.Release|Win32.Build.0 = Release|Win32
	EndGlobalSection
	GlobalSection(SolutionProperties) = preSolution
		HideSolutionNode = FALSE
	EndGlobalSection
	GlobalSection(NestedProjects) = preSolution
		{F14BF3BA-0AE6-4482-8DCF-A9F296612833} = {48CB5D94-ABA8-4109-8629-E91DBC4AD1BF}
		{947A2AD4-91DA-4139-9D56-DAF1899554E3} = {48CB5D94-ABA8-4109-8629-E91DBC4AD1BF}
		{90AA8848-37D7-4B67-BB3E-69F4FC6269CC} = {48CB5D94-ABA8-4109-8629-E91DBC4AD1BF}
		{8B33A4AC-4B7B-4D55-ACB6-C4B79BF8EB4D} = {48CB5D94-ABA8-4109-8629-E91DBC4AD1BF}
		{03E3676D-2624-4F61-8E6F-6561B7AEBC51} = {ED4E8002-6E26-475D-97C8-E0C0B1D3FFAA}
		{EF323E9C-7A29-4DC7-9C73-2D57B01D7635} = {ED4E8002-6E26-475D-97C8-E0C0B1D3FFAA}
	EndGlobalSection
EndGlobal
