Microsoft Visual Studio Solution File, Format Version 8.00
Project("{8BC9CEB8-8B4A-11D0-8D11-00A0C91BC942}") = "sphere", "sphere\sphere.vcproj", "{AE6AEF6B-D0D3-416C-BBB9-0DA831D2CC3A}"
	ProjectSection(ProjectDependencies) = postProject
	EndProjectSection
EndProject
Project("{8BC9CEB8-8B4A-11D0-8D11-00A0C91BC942}") = "sphere2", "sphere2\sphere2.vcproj", "{972D1FAF-99E5-4FA4-B57A-B9C5D3001AC4}"
	ProjectSection(ProjectDependencies) = postProject
	EndProjectSection
EndProject
Project("{8BC9CEB8-8B4A-11D0-8D11-00A0C91BC942}") = "spherepeau", "spherepeau\spherepeau.vcproj", "{C1197A66-D0DA-418E-897D-26587AD13E87}"
	ProjectSection(ProjectDependencies) = postProject
	EndProjectSection
EndProject
Project("{8BC9CEB8-8B4A-11D0-8D11-00A0C91BC942}") = "testdenis", "testdenis\testdenis.vcproj", "{DC931EFE-3F2D-4FFD-8B7A-0ECC6F6A694A}"
	ProjectSection(ProjectDependencies) = postProject
	EndProjectSection
EndProject
Project("{8BC9CEB8-8B4A-11D0-8D11-00A0C91BC942}") = "ALL_BUILD", "ALL_BUILD\ALL_BUILD.vcproj", "{BEE301F7-E3A3-4255-AB5C-C8C9134B7E8A}"
	ProjectSection(ProjectDependencies) = postProject
		{C1197A66-D0DA-418E-897D-26587AD13E87} = {C1197A66-D0DA-418E-897D-26587AD13E87}
		{AE6AEF6B-D0D3-416C-BBB9-0DA831D2CC3A} = {AE6AEF6B-D0D3-416C-BBB9-0DA831D2CC3A}
		{52588494-C379-400F-83ED-1E64BAF7CAED} = {52588494-C379-400F-83ED-1E64BAF7CAED}
		{972D1FAF-99E5-4FA4-B57A-B9C5D3001AC4} = {972D1FAF-99E5-4FA4-B57A-B9C5D3001AC4}
		{DC931EFE-3F2D-4FFD-8B7A-0ECC6F6A694A} = {DC931EFE-3F2D-4FFD-8B7A-0ECC6F6A694A}
	EndProjectSection
EndProject
Project("{8BC9CEB8-8B4A-11D0-8D11-00A0C91BC942}") = "cylindre", "cylindre\cylindre.vcproj", "{52588494-C379-400F-83ED-1E64BAF7CAED}"
	ProjectSection(ProjectDependencies) = postProject
	EndProjectSection
EndProject
Global
	GlobalSection(SolutionConfiguration) = preSolution
		Debug = Debug
		Release = Release
	EndGlobalSection
	GlobalSection(ProjectDependencies) = postSolution
	EndGlobalSection
	GlobalSection(ProjectConfiguration) = postSolution
		{AE6AEF6B-D0D3-416C-BBB9-0DA831D2CC3A}.Debug.ActiveCfg = Debug|Win32
		{AE6AEF6B-D0D3-416C-BBB9-0DA831D2CC3A}.Debug.Build.0 = Debug|Win32
		{AE6AEF6B-D0D3-416C-BBB9-0DA831D2CC3A}.Release.ActiveCfg = Release|Win32
		{AE6AEF6B-D0D3-416C-BBB9-0DA831D2CC3A}.Release.Build.0 = Release|Win32
		{972D1FAF-99E5-4FA4-B57A-B9C5D3001AC4}.Debug.ActiveCfg = Debug|Win32
		{972D1FAF-99E5-4FA4-B57A-B9C5D3001AC4}.Debug.Build.0 = Debug|Win32
		{972D1FAF-99E5-4FA4-B57A-B9C5D3001AC4}.Release.ActiveCfg = Release|Win32
		{972D1FAF-99E5-4FA4-B57A-B9C5D3001AC4}.Release.Build.0 = Release|Win32
		{C1197A66-D0DA-418E-897D-26587AD13E87}.Debug.ActiveCfg = Debug|Win32
		{C1197A66-D0DA-418E-897D-26587AD13E87}.Debug.Build.0 = Debug|Win32
		{C1197A66-D0DA-418E-897D-26587AD13E87}.Release.ActiveCfg = Release|Win32
		{C1197A66-D0DA-418E-897D-26587AD13E87}.Release.Build.0 = Release|Win32
		{DC931EFE-3F2D-4FFD-8B7A-0ECC6F6A694A}.Debug.ActiveCfg = Debug|Win32
		{DC931EFE-3F2D-4FFD-8B7A-0ECC6F6A694A}.Debug.Build.0 = Debug|Win32
		{DC931EFE-3F2D-4FFD-8B7A-0ECC6F6A694A}.Release.ActiveCfg = Release|Win32
		{DC931EFE-3F2D-4FFD-8B7A-0ECC6F6A694A}.Release.Build.0 = Release|Win32
		{BEE301F7-E3A3-4255-AB5C-C8C9134B7E8A}.Debug.ActiveCfg = Debug|Win32
		{BEE301F7-E3A3-4255-AB5C-C8C9134B7E8A}.Debug.Build.0 = Debug|Win32
		{BEE301F7-E3A3-4255-AB5C-C8C9134B7E8A}.Release.ActiveCfg = Release|Win32
		{BEE301F7-E3A3-4255-AB5C-C8C9134B7E8A}.Release.Build.0 = Release|Win32
		{52588494-C379-400F-83ED-1E64BAF7CAED}.Debug.ActiveCfg = Debug|Win32
		{52588494-C379-400F-83ED-1E64BAF7CAED}.Debug.Build.0 = Debug|Win32
		{52588494-C379-400F-83ED-1E64BAF7CAED}.Release.ActiveCfg = Release|Win32
		{52588494-C379-400F-83ED-1E64BAF7CAED}.Release.Build.0 = Release|Win32
	EndGlobalSection
	GlobalSection(ExtensibilityGlobals) = postSolution
	EndGlobalSection
	GlobalSection(ExtensibilityAddIns) = postSolution
	EndGlobalSection
EndGlobal
